
Microsoft Visual Studio Solution File, Format Version 12.00
# Visual Studio Version 17
VisualStudioVersion = 17.13.35919.96 d17.13
MinimumVisualStudioVersion = 10.0.40219.1
Project("{FAE04EC0-301F-11D3-BF4B-00C04F79EFBC}") = "Observable_Collection", "Observable_Collection.csproj", "{4E7AC8C2-248D-40E0-9CCD-DA7FC2935948}"
EndProject
Global
	GlobalSection(SolutionConfigurationPlatforms) = preSolution
		Debug|Any CPU = Debug|Any CPU
		Release|Any CPU = Release|Any CPU
	EndGlobalSection
	GlobalSection(ProjectConfigurationPlatforms) = postSolution
		{4E7AC8C2-248D-40E0-9CCD-DA7FC2935948}.Debug|Any CPU.ActiveCfg = Debug|Any CPU
		{4E7AC8C2-248D-40E0-9CCD-DA7FC2935948}.Debug|Any CPU.Build.0 = Debug|Any CPU
		{4E7AC8C2-248D-40E0-9CCD-DA7FC2935948}.Release|Any CPU.ActiveCfg = Release|Any CPU
		{4E7AC8C2-248D-40E0-9CCD-DA7FC2935948}.Release|Any CPU.Build.0 = Release|Any CPU
	EndGlobalSection
	GlobalSection(SolutionProperties) = preSolution
		HideSolutionNode = FALSE
	EndGlobalSection
	GlobalSection(ExtensibilityGlobals) = postSolution
		SolutionGuid = {F96C353F-5108-47E6-90D4-725D231FA3CD}
	EndGlobalSection
EndGlobal
